
Microsoft Visual Studio Solution File, Format Version 12.00
# Visual Studio Version 17
VisualStudioVersion = 17.13.35931.197
MinimumVisualStudioVersion = 10.0.40219.1
Project("{FAE04EC0-301F-11D3-BF4B-00C04F79EFBC}") = "DesignPatterns", "DesignPatterns\DesignPatterns.csproj", "{2B15D934-3A13-41F6-AC85-D5FA9A8FBAD4}"
EndProject
Project("{FAE04EC0-301F-11D3-BF4B-00C04F79EFBC}") = "CommonRunner", "CommonRunner\CommonRunner.csproj", "{18FEF6F7-AE09-4459-B59A-0A01AFC6935B}"
EndProject
Global
	GlobalSection(SolutionConfigurationPlatforms) = preSolution
		Debug|Any CPU = Debug|Any CPU
		Release|Any CPU = Release|Any CPU
	EndGlobalSection
	GlobalSection(ProjectConfigurationPlatforms) = postSolution
		{2B15D934-3A13-41F6-AC85-D5FA9A8FBAD4}.Debug|Any CPU.ActiveCfg = Debug|Any CPU
		{2B15D934-3A13-41F6-AC85-D5FA9A8FBAD4}.Debug|Any CPU.Build.0 = Debug|Any CPU
		{2B15D934-3A13-41F6-AC85-D5FA9A8FBAD4}.Release|Any CPU.ActiveCfg = Release|Any CPU
		{2B15D934-3A13-41F6-AC85-D5FA9A8FBAD4}.Release|Any CPU.Build.0 = Release|Any CPU
		{18FEF6F7-AE09-4459-B59A-0A01AFC6935B}.Debug|Any CPU.ActiveCfg = Debug|Any CPU
		{18FEF6F7-AE09-4459-B59A-0A01AFC6935B}.Debug|Any CPU.Build.0 = Debug|Any CPU
		{18FEF6F7-AE09-4459-B59A-0A01AFC6935B}.Release|Any CPU.ActiveCfg = Release|Any CPU
		{18FEF6F7-AE09-4459-B59A-0A01AFC6935B}.Release|Any CPU.Build.0 = Release|Any CPU
	EndGlobalSection
	GlobalSection(SolutionProperties) = preSolution
		HideSolutionNode = FALSE
	EndGlobalSection
	GlobalSection(ExtensibilityGlobals) = postSolution
		SolutionGuid = {C172C6BB-F998-4DFD-869F-D605D03567F8}
	EndGlobalSection
EndGlobal
